{
  "version": 4,
  "terraform_version": "1.1.3",
  "serial": 27,
  "lineage": "5a630be5-2481-db24-2243-89483c50e322",
  "outputs": {},
  "resources": [
    {
      "module": "module.networking",
      "mode": "managed",
      "type": "aws_subnet",
      "name": "mtc_private_subnet",
      "provider": "provider[\"registry.terraform.io/hashicorp/aws\"]",
      "instances": [
        {
          "index_key": 0,
          "schema_version": 1,
          "attributes": {
            "arn": "arn:aws:ec2:us-east-1:405836210154:subnet/subnet-040b98771c3ed15ba",
            "assign_ipv6_address_on_creation": false,
            "availability_zone": "us-east-1a",
            "availability_zone_id": "use1-az2",
            "cidr_block": "10.123.1.0/24",
            "customer_owned_ipv4_pool": "",
            "enable_dns64": false,
            "enable_resource_name_dns_a_record_on_launch": false,
            "enable_resource_name_dns_aaaa_record_on_launch": false,
            "id": "subnet-040b98771c3ed15ba",
            "ipv6_cidr_block": "",
            "ipv6_cidr_block_association_id": "",
            "ipv6_native": false,
            "map_customer_owned_ip_on_launch": false,
            "map_public_ip_on_launch": false,
            "outpost_arn": "",
            "owner_id": "405836210154",
            "private_dns_hostname_type_on_launch": "ip-name",
            "tags": {
              "Name": "mtc_private_1"
            },
            "tags_all": {
              "Name": "mtc_private_1"
            },
            "timeouts": null,
            "vpc_id": "vpc-0256dbce1f9bcb69a"
          },
          "sensitive_attributes": [],
          "private": "eyJlMmJmYjczMC1lY2FhLTExZTYtOGY4OC0zNDM2M2JjN2M0YzAiOnsiY3JlYXRlIjo2MDAwMDAwMDAwMDAsImRlbGV0ZSI6MTIwMDAwMDAwMDAwMH0sInNjaGVtYV92ZXJzaW9uIjoiMSJ9",
          "dependencies": [
            "module.networking.aws_vpc.mtc_vpc",
            "module.networking.random_integer.random"
          ]
        },
        {
          "index_key": 1,
          "schema_version": 1,
          "attributes": {
            "arn": "arn:aws:ec2:us-east-1:405836210154:subnet/subnet-0d32b3cbc4ac9f4b6",
            "assign_ipv6_address_on_creation": false,
            "availability_zone": "us-east-1b",
            "availability_zone_id": "use1-az4",
            "cidr_block": "10.123.3.0/24",
            "customer_owned_ipv4_pool": "",
            "enable_dns64": false,
            "enable_resource_name_dns_a_record_on_launch": false,
            "enable_resource_name_dns_aaaa_record_on_launch": false,
            "id": "subnet-0d32b3cbc4ac9f4b6",
            "ipv6_cidr_block": "",
            "ipv6_cidr_block_association_id": "",
            "ipv6_native": false,
            "map_customer_owned_ip_on_launch": false,
            "map_public_ip_on_launch": false,
            "outpost_arn": "",
            "owner_id": "405836210154",
            "private_dns_hostname_type_on_launch": "ip-name",
            "tags": {
              "Name": "mtc_private_2"
            },
            "tags_all": {
              "Name": "mtc_private_2"
            },
            "timeouts": null,
            "vpc_id": "vpc-0256dbce1f9bcb69a"
          },
          "sensitive_attributes": [],
          "private": "eyJlMmJmYjczMC1lY2FhLTExZTYtOGY4OC0zNDM2M2JjN2M0YzAiOnsiY3JlYXRlIjo2MDAwMDAwMDAwMDAsImRlbGV0ZSI6MTIwMDAwMDAwMDAwMH0sInNjaGVtYV92ZXJzaW9uIjoiMSJ9",
          "dependencies": [
            "module.networking.aws_vpc.mtc_vpc",
            "module.networking.random_integer.random"
          ]
        },
        {
          "index_key": 2,
          "schema_version": 1,
          "attributes": {
            "arn": "arn:aws:ec2:us-east-1:405836210154:subnet/subnet-04f3d56121422bbaa",
            "assign_ipv6_address_on_creation": false,
            "availability_zone": "us-east-1c",
            "availability_zone_id": "use1-az6",
            "cidr_block": "10.123.5.0/24",
            "customer_owned_ipv4_pool": "",
            "enable_dns64": false,
            "enable_resource_name_dns_a_record_on_launch": false,
            "enable_resource_name_dns_aaaa_record_on_launch": false,
            "id": "subnet-04f3d56121422bbaa",
            "ipv6_cidr_block": "",
            "ipv6_cidr_block_association_id": "",
            "ipv6_native": false,
            "map_customer_owned_ip_on_launch": false,
            "map_public_ip_on_launch": false,
            "outpost_arn": "",
            "owner_id": "405836210154",
            "private_dns_hostname_type_on_launch": "ip-name",
            "tags": {
              "Name": "mtc_private_3"
            },
            "tags_all": {
              "Name": "mtc_private_3"
            },
            "timeouts": null,
            "vpc_id": "vpc-0256dbce1f9bcb69a"
          },
          "sensitive_attributes": [],
          "private": "eyJlMmJmYjczMC1lY2FhLTExZTYtOGY4OC0zNDM2M2JjN2M0YzAiOnsiY3JlYXRlIjo2MDAwMDAwMDAwMDAsImRlbGV0ZSI6MTIwMDAwMDAwMDAwMH0sInNjaGVtYV92ZXJzaW9uIjoiMSJ9",
          "dependencies": [
            "module.networking.aws_vpc.mtc_vpc",
            "module.networking.random_integer.random"
          ]
        }
      ]
    },
    {
      "module": "module.networking",
      "mode": "managed",
      "type": "aws_subnet",
      "name": "mtc_public_subnet",
      "provider": "provider[\"registry.terraform.io/hashicorp/aws\"]",
      "instances": [
        {
          "index_key": 0,
          "schema_version": 1,
          "attributes": {
            "arn": "arn:aws:ec2:us-east-1:405836210154:subnet/subnet-0a9a874ef49f3e874",
            "assign_ipv6_address_on_creation": false,
            "availability_zone": "us-east-1a",
            "availability_zone_id": "use1-az2",
            "cidr_block": "10.123.2.0/24",
            "customer_owned_ipv4_pool": "",
            "enable_dns64": false,
            "enable_resource_name_dns_a_record_on_launch": false,
            "enable_resource_name_dns_aaaa_record_on_launch": false,
            "id": "subnet-0a9a874ef49f3e874",
            "ipv6_cidr_block": "",
            "ipv6_cidr_block_association_id": "",
            "ipv6_native": false,
            "map_customer_owned_ip_on_launch": false,
            "map_public_ip_on_launch": true,
            "outpost_arn": "",
            "owner_id": "405836210154",
            "private_dns_hostname_type_on_launch": "ip-name",
            "tags": {
              "Name": "mtc_public_1"
            },
            "tags_all": {
              "Name": "mtc_public_1"
            },
            "timeouts": null,
            "vpc_id": "vpc-0256dbce1f9bcb69a"
          },
          "sensitive_attributes": [],
          "private": "eyJlMmJmYjczMC1lY2FhLTExZTYtOGY4OC0zNDM2M2JjN2M0YzAiOnsiY3JlYXRlIjo2MDAwMDAwMDAwMDAsImRlbGV0ZSI6MTIwMDAwMDAwMDAwMH0sInNjaGVtYV92ZXJzaW9uIjoiMSJ9",
          "dependencies": [
            "module.networking.aws_vpc.mtc_vpc",
            "module.networking.random_integer.random"
          ]
        },
        {
          "index_key": 1,
          "schema_version": 1,
          "attributes": {
            "arn": "arn:aws:ec2:us-east-1:405836210154:subnet/subnet-06fe7fb689b0f3773",
            "assign_ipv6_address_on_creation": false,
            "availability_zone": "us-east-1b",
            "availability_zone_id": "use1-az4",
            "cidr_block": "10.123.4.0/24",
            "customer_owned_ipv4_pool": "",
            "enable_dns64": false,
            "enable_resource_name_dns_a_record_on_launch": false,
            "enable_resource_name_dns_aaaa_record_on_launch": false,
            "id": "subnet-06fe7fb689b0f3773",
            "ipv6_cidr_block": "",
            "ipv6_cidr_block_association_id": "",
            "ipv6_native": false,
            "map_customer_owned_ip_on_launch": false,
            "map_public_ip_on_launch": true,
            "outpost_arn": "",
            "owner_id": "405836210154",
            "private_dns_hostname_type_on_launch": "ip-name",
            "tags": {
              "Name": "mtc_public_2"
            },
            "tags_all": {
              "Name": "mtc_public_2"
            },
            "timeouts": null,
            "vpc_id": "vpc-0256dbce1f9bcb69a"
          },
          "sensitive_attributes": [],
          "private": "eyJlMmJmYjczMC1lY2FhLTExZTYtOGY4OC0zNDM2M2JjN2M0YzAiOnsiY3JlYXRlIjo2MDAwMDAwMDAwMDAsImRlbGV0ZSI6MTIwMDAwMDAwMDAwMH0sInNjaGVtYV92ZXJzaW9uIjoiMSJ9",
          "dependencies": [
            "module.networking.aws_vpc.mtc_vpc",
            "module.networking.random_integer.random"
          ]
        }
      ]
    },
    {
      "module": "module.networking",
      "mode": "managed",
      "type": "aws_vpc",
      "name": "mtc_vpc",
      "provider": "provider[\"registry.terraform.io/hashicorp/aws\"]",
      "instances": [
        {
          "schema_version": 1,
          "attributes": {
            "arn": "arn:aws:ec2:us-east-1:405836210154:vpc/vpc-0256dbce1f9bcb69a",
            "assign_generated_ipv6_cidr_block": false,
            "cidr_block": "10.123.0.0/16",
            "default_network_acl_id": "acl-04de5f21ad8677edf",
            "default_route_table_id": "rtb-06f9dd2aeaff2d39c",
            "default_security_group_id": "sg-0fbd4b24bdc72a5cf",
            "dhcp_options_id": "dopt-0ef39da9f75e32c2e",
            "enable_classiclink": false,
            "enable_classiclink_dns_support": false,
            "enable_dns_hostnames": true,
            "enable_dns_support": true,
            "id": "vpc-0256dbce1f9bcb69a",
            "instance_tenancy": "default",
            "ipv4_ipam_pool_id": null,
            "ipv4_netmask_length": null,
            "ipv6_association_id": "",
            "ipv6_cidr_block": "",
            "ipv6_cidr_block_network_border_group": "",
            "ipv6_ipam_pool_id": "",
            "ipv6_netmask_length": 0,
            "main_route_table_id": "rtb-06f9dd2aeaff2d39c",
            "owner_id": "405836210154",
            "tags": {
              "Name": "mtc_vpc_99"
            },
            "tags_all": {
              "Name": "mtc_vpc_99"
            }
          },
          "sensitive_attributes": [],
          "private": "eyJzY2hlbWFfdmVyc2lvbiI6IjEifQ==",
          "dependencies": [
            "module.networking.random_integer.random"
          ]
        }
      ]
    },
    {
      "module": "module.networking",
      "mode": "managed",
      "type": "random_integer",
      "name": "random",
      "provider": "provider[\"registry.terraform.io/hashicorp/random\"]",
      "instances": [
        {
          "schema_version": 0,
          "attributes": {
            "id": "99",
            "keepers": null,
            "max": 100,
            "min": 1,
            "result": 99,
            "seed": null
          },
          "sensitive_attributes": [],
          "private": "bnVsbA=="
        }
      ]
    }
  ]
}
